
Microsoft Visual Studio Solution File, Format Version 12.00
# Visual Studio 14
VisualStudioVersion = 14.0.25420.1
MinimumVisualStudioVersion = 10.0.40219.1
Project("{FAE04EC0-301F-11D3-BF4B-00C04F79EFBC}") = "unlimitedinf-apis", "unlimitedinf-apis\unlimitedinf-apis.csproj", "{11697A6E-646B-4DF8-B453-5AFDA9583E2D}"
EndProject
Project("{FAE04EC0-301F-11D3-BF4B-00C04F79EFBC}") = "unlimitedinf-apis.Tests", "unlimitedinf-apis.Tests\unlimitedinf-apis.Tests.csproj", "{FFA7A66D-D6F1-4EC9-A7F1-430DA38D7A6C}"
EndProject
Project("{FAE04EC0-301F-11D3-BF4B-00C04F79EFBC}") = "Unlimitedinf.Apis", "Unlimitedinf.Apis\Unlimitedinf.Apis.csproj", "{D0AEB875-6D3D-4053-ABAF-12DE9D4DDE2E}"
EndProject
Global
	GlobalSection(SolutionConfigurationPlatforms) = preSolution
		Debug|Any CPU = Debug|Any CPU
		Release|Any CPU = Release|Any CPU
	EndGlobalSection
	GlobalSection(ProjectConfigurationPlatforms) = postSolution
		{11697A6E-646B-4DF8-B453-5AFDA9583E2D}.Debug|Any CPU.ActiveCfg = Debug|Any CPU
		{11697A6E-646B-4DF8-B453-5AFDA9583E2D}.Debug|Any CPU.Build.0 = Debug|Any CPU
		{11697A6E-646B-4DF8-B453-5AFDA9583E2D}.Release|Any CPU.ActiveCfg = Release|Any CPU
		{11697A6E-646B-4DF8-B453-5AFDA9583E2D}.Release|Any CPU.Build.0 = Release|Any CPU
		{FFA7A66D-D6F1-4EC9-A7F1-430DA38D7A6C}.Debug|Any CPU.ActiveCfg = Debug|Any CPU
		{FFA7A66D-D6F1-4EC9-A7F1-430DA38D7A6C}.Debug|Any CPU.Build.0 = Debug|Any CPU
		{FFA7A66D-D6F1-4EC9-A7F1-430DA38D7A6C}.Release|Any CPU.ActiveCfg = Release|Any CPU
		{FFA7A66D-D6F1-4EC9-A7F1-430DA38D7A6C}.Release|Any CPU.Build.0 = Release|Any CPU
		{D0AEB875-6D3D-4053-ABAF-12DE9D4DDE2E}.Debug|Any CPU.ActiveCfg = Debug|Any CPU
		{D0AEB875-6D3D-4053-ABAF-12DE9D4DDE2E}.Debug|Any CPU.Build.0 = Debug|Any CPU
		{D0AEB875-6D3D-4053-ABAF-12DE9D4DDE2E}.Release|Any CPU.ActiveCfg = Release|Any CPU
		{D0AEB875-6D3D-4053-ABAF-12DE9D4DDE2E}.Release|Any CPU.Build.0 = Release|Any CPU
	EndGlobalSection
	GlobalSection(SolutionProperties) = preSolution
		HideSolutionNode = FALSE
	EndGlobalSection
EndGlobal
