
Microsoft Visual Studio Solution File, Format Version 12.00
# Visual Studio 15
VisualStudioVersion = 15.0.27130.2010
MinimumVisualStudioVersion = 10.0.40219.1
Project("{2150E333-8FDC-42A3-9474-1A3956D46DE8}") = "Unlimitedinf.Apis.Package", "Unlimitedinf.Apis.Package", "{1B806328-87F2-47F9-BE01-012B014CA5B1}"
	ProjectSection(SolutionItems) = preProject
		Unlimitedinf.Apis.Package\CheckForAlreadyPublished.ps1 = Unlimitedinf.Apis.Package\CheckForAlreadyPublished.ps1
		Unlimitedinf.Apis.Package\packages.config = Unlimitedinf.Apis.Package\packages.config
		Unlimitedinf.Apis.Package\Unlimitedinf.Apis.xml = Unlimitedinf.Apis.Package\Unlimitedinf.Apis.xml
	EndProjectSection
EndProject
Project("{FF286327-C783-4F7A-AB73-9BCBAD0D4460}") = "Unlimitedinf.Apis", "Unlimitedinf.Apis.Package\Unlimitedinf.Apis.nuproj", "{69B29A6E-8B67-479C-837E-D356CA7DE576}"
EndProject
Project("{2150E333-8FDC-42A3-9474-1A3956D46DE8}") = "Solution Items", "Solution Items", "{AEBD899B-C0F7-492B-9494-A9EBD0590FBC}"
	ProjectSection(SolutionItems) = preProject
		.gitignore = .gitignore
		CommonAssemblyInfo.cs = CommonAssemblyInfo.cs
		CustomDictionary.xml = CustomDictionary.xml
		LICENSE = LICENSE
		LocalAssemblyInfo.ps1 = LocalAssemblyInfo.ps1
		noglob.ruleset = noglob.ruleset
		README.md = README.md
		unlimitedinf.ico = unlimitedinf.ico
	EndProjectSection
EndProject
Project("{FAE04EC0-301F-11D3-BF4B-00C04F79EFBC}") = "Unlimitedinf.Apis.Client", "Unlimitedinf.Apis.Client\Unlimitedinf.Apis.Client.csproj", "{D0ECFAF4-9E33-4AB3-AC95-E67E0547F22D}"
EndProject
Project("{9A19103F-16F7-4668-BE54-9A1E7A4F7556}") = "Unlimitedinf.Apis.Contracts", "Unlimitedinf.Apis.Contracts\Unlimitedinf.Apis.Contracts.csproj", "{D0AEB875-6D3D-4053-ABAF-12DE9D4DDE2E}"
EndProject
Project("{FAE04EC0-301F-11D3-BF4B-00C04F79EFBC}") = "Unlimitedinf.Apis.AxiomsUpsert", "Unlimitedinf.Apis.AxiomsUpsert\Unlimitedinf.Apis.AxiomsUpsert.csproj", "{4FDB4EAD-BBA2-4396-9CA0-F86E454A295F}"
EndProject
Project("{2150E333-8FDC-42A3-9474-1A3956D46DE8}") = "Unlimitedinf.Apis.Trials", "Unlimitedinf.Apis.Trials", "{AB7C40F4-5E88-417D-8F84-862FA30FA173}"
EndProject
Project("{9A19103F-16F7-4668-BE54-9A1E7A4F7556}") = "Unlimitedinf.Apis.Server", "Unlimitedinf.Apis.Server\Unlimitedinf.Apis.Server.csproj", "{C427A404-F463-4BBC-B1A8-E90B867D7626}"
EndProject
Project("{9A19103F-16F7-4668-BE54-9A1E7A4F7556}") = "Unlimitedinf.Apis.Server.IntTests", "Unlimitedinf.Apis.Server.Tests\Unlimitedinf.Apis.Server.IntTests.csproj", "{3F1AD789-AF5F-41CF-AFC5-2CDD4E46AC67}"
EndProject
Project("{9A19103F-16F7-4668-BE54-9A1E7A4F7556}") = "BatchDelete", "Unlimitedinf.Apis.Trials\BatchDelete\BatchDelete.csproj", "{677D294D-329D-4EED-A140-8C791B3BEEFF}"
EndProject
Global
	GlobalSection(SolutionConfigurationPlatforms) = preSolution
		Debug|Any CPU = Debug|Any CPU
		Release|Any CPU = Release|Any CPU
	EndGlobalSection
	GlobalSection(ProjectConfigurationPlatforms) = postSolution
		{69B29A6E-8B67-479C-837E-D356CA7DE576}.Debug|Any CPU.ActiveCfg = Debug|Any CPU
		{69B29A6E-8B67-479C-837E-D356CA7DE576}.Debug|Any CPU.Build.0 = Debug|Any CPU
		{69B29A6E-8B67-479C-837E-D356CA7DE576}.Release|Any CPU.ActiveCfg = Release|Any CPU
		{69B29A6E-8B67-479C-837E-D356CA7DE576}.Release|Any CPU.Build.0 = Release|Any CPU
		{D0ECFAF4-9E33-4AB3-AC95-E67E0547F22D}.Debug|Any CPU.ActiveCfg = Debug|Any CPU
		{D0ECFAF4-9E33-4AB3-AC95-E67E0547F22D}.Debug|Any CPU.Build.0 = Debug|Any CPU
		{D0ECFAF4-9E33-4AB3-AC95-E67E0547F22D}.Release|Any CPU.ActiveCfg = Release|Any CPU
		{D0ECFAF4-9E33-4AB3-AC95-E67E0547F22D}.Release|Any CPU.Build.0 = Release|Any CPU
		{D0AEB875-6D3D-4053-ABAF-12DE9D4DDE2E}.Debug|Any CPU.ActiveCfg = Debug|Any CPU
		{D0AEB875-6D3D-4053-ABAF-12DE9D4DDE2E}.Debug|Any CPU.Build.0 = Debug|Any CPU
		{D0AEB875-6D3D-4053-ABAF-12DE9D4DDE2E}.Release|Any CPU.ActiveCfg = Release|Any CPU
		{D0AEB875-6D3D-4053-ABAF-12DE9D4DDE2E}.Release|Any CPU.Build.0 = Release|Any CPU
		{4FDB4EAD-BBA2-4396-9CA0-F86E454A295F}.Debug|Any CPU.ActiveCfg = Debug|Any CPU
		{4FDB4EAD-BBA2-4396-9CA0-F86E454A295F}.Debug|Any CPU.Build.0 = Debug|Any CPU
		{4FDB4EAD-BBA2-4396-9CA0-F86E454A295F}.Release|Any CPU.ActiveCfg = Release|Any CPU
		{4FDB4EAD-BBA2-4396-9CA0-F86E454A295F}.Release|Any CPU.Build.0 = Release|Any CPU
		{C427A404-F463-4BBC-B1A8-E90B867D7626}.Debug|Any CPU.ActiveCfg = Debug|Any CPU
		{C427A404-F463-4BBC-B1A8-E90B867D7626}.Debug|Any CPU.Build.0 = Debug|Any CPU
		{C427A404-F463-4BBC-B1A8-E90B867D7626}.Release|Any CPU.ActiveCfg = Release|Any CPU
		{C427A404-F463-4BBC-B1A8-E90B867D7626}.Release|Any CPU.Build.0 = Release|Any CPU
		{3F1AD789-AF5F-41CF-AFC5-2CDD4E46AC67}.Debug|Any CPU.ActiveCfg = Debug|Any CPU
		{3F1AD789-AF5F-41CF-AFC5-2CDD4E46AC67}.Debug|Any CPU.Build.0 = Debug|Any CPU
		{3F1AD789-AF5F-41CF-AFC5-2CDD4E46AC67}.Release|Any CPU.ActiveCfg = Release|Any CPU
		{3F1AD789-AF5F-41CF-AFC5-2CDD4E46AC67}.Release|Any CPU.Build.0 = Release|Any CPU
		{677D294D-329D-4EED-A140-8C791B3BEEFF}.Debug|Any CPU.ActiveCfg = Debug|Any CPU
		{677D294D-329D-4EED-A140-8C791B3BEEFF}.Debug|Any CPU.Build.0 = Debug|Any CPU
		{677D294D-329D-4EED-A140-8C791B3BEEFF}.Release|Any CPU.ActiveCfg = Release|Any CPU
		{677D294D-329D-4EED-A140-8C791B3BEEFF}.Release|Any CPU.Build.0 = Release|Any CPU
	EndGlobalSection
	GlobalSection(SolutionProperties) = preSolution
		HideSolutionNode = FALSE
	EndGlobalSection
	GlobalSection(NestedProjects) = preSolution
		{69B29A6E-8B67-479C-837E-D356CA7DE576} = {1B806328-87F2-47F9-BE01-012B014CA5B1}
		{677D294D-329D-4EED-A140-8C791B3BEEFF} = {AB7C40F4-5E88-417D-8F84-862FA30FA173}
	EndGlobalSection
	GlobalSection(ExtensibilityGlobals) = postSolution
		SolutionGuid = {1C00D121-91AF-468C-96D7-30C8963C5710}
	EndGlobalSection
EndGlobal
