
Microsoft Visual Studio Solution File, Format Version 12.00
# Visual Studio 15
VisualStudioVersion = 15.0.26430.16
MinimumVisualStudioVersion = 10.0.40219.1
Project("{FAE04EC0-301F-11D3-BF4B-00C04F79EFBC}") = "unlimitedinf-apis", "unlimitedinf-apis\unlimitedinf-apis.csproj", "{11697A6E-646B-4DF8-B453-5AFDA9583E2D}"
EndProject
Project("{FAE04EC0-301F-11D3-BF4B-00C04F79EFBC}") = "unlimitedinf-apis.Tests", "unlimitedinf-apis.Tests\unlimitedinf-apis.Tests.csproj", "{FFA7A66D-D6F1-4EC9-A7F1-430DA38D7A6C}"
EndProject
Project("{2150E333-8FDC-42A3-9474-1A3956D46DE8}") = "Unlimitedinf.Apis.Package", "Unlimitedinf.Apis.Package", "{1B806328-87F2-47F9-BE01-012B014CA5B1}"
	ProjectSection(SolutionItems) = preProject
		Unlimitedinf.Apis.Package\CheckForAlreadyPublished.ps1 = Unlimitedinf.Apis.Package\CheckForAlreadyPublished.ps1
		Unlimitedinf.Apis.Package\packages.config = Unlimitedinf.Apis.Package\packages.config
		Unlimitedinf.Apis.Package\Unlimitedinf.Apis.xml = Unlimitedinf.Apis.Package\Unlimitedinf.Apis.xml
	EndProjectSection
EndProject
Project("{FF286327-C783-4F7A-AB73-9BCBAD0D4460}") = "Unlimitedinf.Apis", "Unlimitedinf.Apis.Package\Unlimitedinf.Apis.nuproj", "{69B29A6E-8B67-479C-837E-D356CA7DE576}"
EndProject
Project("{2150E333-8FDC-42A3-9474-1A3956D46DE8}") = "Solution Items", "Solution Items", "{AEBD899B-C0F7-492B-9494-A9EBD0590FBC}"
	ProjectSection(SolutionItems) = preProject
		.gitignore = .gitignore
		CommonAssemblyInfo.cs = CommonAssemblyInfo.cs
		CustomDictionary.xml = CustomDictionary.xml
		LICENSE = LICENSE
		LocalAssemblyInfo.ps1 = LocalAssemblyInfo.ps1
		noglob.ruleset = noglob.ruleset
		README.md = README.md
		unlimitedinf.ico = unlimitedinf.ico
	EndProjectSection
EndProject
Project("{FAE04EC0-301F-11D3-BF4B-00C04F79EFBC}") = "Unlimitedinf.Apis.Client", "Unlimitedinf.Apis.Client\Unlimitedinf.Apis.Client.csproj", "{D0ECFAF4-9E33-4AB3-AC95-E67E0547F22D}"
EndProject
Project("{FAE04EC0-301F-11D3-BF4B-00C04F79EFBC}") = "Unlimitedinf.Apis.Contracts", "Unlimitedinf.Apis.Contracts\Unlimitedinf.Apis.Contracts.csproj", "{D0AEB875-6D3D-4053-ABAF-12DE9D4DDE2E}"
EndProject
Project("{FAE04EC0-301F-11D3-BF4B-00C04F79EFBC}") = "Unlimitedinf.Apis.AxiomsUpsert", "Unlimitedinf.Apis.AxiomsUpsert\Unlimitedinf.Apis.AxiomsUpsert.csproj", "{4FDB4EAD-BBA2-4396-9CA0-F86E454A295F}"
EndProject
Global
	GlobalSection(SolutionConfigurationPlatforms) = preSolution
		Debug|Any CPU = Debug|Any CPU
		Release|Any CPU = Release|Any CPU
	EndGlobalSection
	GlobalSection(ProjectConfigurationPlatforms) = postSolution
		{11697A6E-646B-4DF8-B453-5AFDA9583E2D}.Debug|Any CPU.ActiveCfg = Debug|Any CPU
		{11697A6E-646B-4DF8-B453-5AFDA9583E2D}.Debug|Any CPU.Build.0 = Debug|Any CPU
		{11697A6E-646B-4DF8-B453-5AFDA9583E2D}.Release|Any CPU.ActiveCfg = Release|Any CPU
		{11697A6E-646B-4DF8-B453-5AFDA9583E2D}.Release|Any CPU.Build.0 = Release|Any CPU
		{FFA7A66D-D6F1-4EC9-A7F1-430DA38D7A6C}.Debug|Any CPU.ActiveCfg = Debug|Any CPU
		{FFA7A66D-D6F1-4EC9-A7F1-430DA38D7A6C}.Debug|Any CPU.Build.0 = Debug|Any CPU
		{FFA7A66D-D6F1-4EC9-A7F1-430DA38D7A6C}.Release|Any CPU.ActiveCfg = Release|Any CPU
		{FFA7A66D-D6F1-4EC9-A7F1-430DA38D7A6C}.Release|Any CPU.Build.0 = Release|Any CPU
		{69B29A6E-8B67-479C-837E-D356CA7DE576}.Debug|Any CPU.ActiveCfg = Debug|Any CPU
		{69B29A6E-8B67-479C-837E-D356CA7DE576}.Debug|Any CPU.Build.0 = Debug|Any CPU
		{69B29A6E-8B67-479C-837E-D356CA7DE576}.Release|Any CPU.ActiveCfg = Release|Any CPU
		{69B29A6E-8B67-479C-837E-D356CA7DE576}.Release|Any CPU.Build.0 = Release|Any CPU
		{D0ECFAF4-9E33-4AB3-AC95-E67E0547F22D}.Debug|Any CPU.ActiveCfg = Debug|Any CPU
		{D0ECFAF4-9E33-4AB3-AC95-E67E0547F22D}.Debug|Any CPU.Build.0 = Debug|Any CPU
		{D0ECFAF4-9E33-4AB3-AC95-E67E0547F22D}.Release|Any CPU.ActiveCfg = Release|Any CPU
		{D0ECFAF4-9E33-4AB3-AC95-E67E0547F22D}.Release|Any CPU.Build.0 = Release|Any CPU
		{D0AEB875-6D3D-4053-ABAF-12DE9D4DDE2E}.Debug|Any CPU.ActiveCfg = Debug|Any CPU
		{D0AEB875-6D3D-4053-ABAF-12DE9D4DDE2E}.Debug|Any CPU.Build.0 = Debug|Any CPU
		{D0AEB875-6D3D-4053-ABAF-12DE9D4DDE2E}.Release|Any CPU.ActiveCfg = Release|Any CPU
		{D0AEB875-6D3D-4053-ABAF-12DE9D4DDE2E}.Release|Any CPU.Build.0 = Release|Any CPU
		{4FDB4EAD-BBA2-4396-9CA0-F86E454A295F}.Debug|Any CPU.ActiveCfg = Debug|Any CPU
		{4FDB4EAD-BBA2-4396-9CA0-F86E454A295F}.Debug|Any CPU.Build.0 = Debug|Any CPU
		{4FDB4EAD-BBA2-4396-9CA0-F86E454A295F}.Release|Any CPU.ActiveCfg = Release|Any CPU
		{4FDB4EAD-BBA2-4396-9CA0-F86E454A295F}.Release|Any CPU.Build.0 = Release|Any CPU
	EndGlobalSection
	GlobalSection(SolutionProperties) = preSolution
		HideSolutionNode = FALSE
	EndGlobalSection
	GlobalSection(NestedProjects) = preSolution
		{69B29A6E-8B67-479C-837E-D356CA7DE576} = {1B806328-87F2-47F9-BE01-012B014CA5B1}
	EndGlobalSection
EndGlobal
